
Microsoft Visual Studio Solution File, Format Version 12.00
# Visual Studio Version 17
VisualStudioVersion = 17.13.35913.81 d17.13
MinimumVisualStudioVersion = 10.0.40219.1
Project("{FAE04EC0-301F-11D3-BF4B-00C04F79EFBC}") = "Gestionnaire de Contacts", "Gestionnaire de Contacts\Gestionnaire de Contacts.csproj", "{CBB92901-E067-4AEF-AFD1-6801BA4E42C6}"
EndProject
Global
	GlobalSection(SolutionConfigurationPlatforms) = preSolution
		Debug|Any CPU = Debug|Any CPU
		Release|Any CPU = Release|Any CPU
	EndGlobalSection
	GlobalSection(ProjectConfigurationPlatforms) = postSolution
		{CBB92901-E067-4AEF-AFD1-6801BA4E42C6}.Debug|Any CPU.ActiveCfg = Debug|Any CPU
		{CBB92901-E067-4AEF-AFD1-6801BA4E42C6}.Debug|Any CPU.Build.0 = Debug|Any CPU
		{CBB92901-E067-4AEF-AFD1-6801BA4E42C6}.Release|Any CPU.ActiveCfg = Release|Any CPU
		{CBB92901-E067-4AEF-AFD1-6801BA4E42C6}.Release|Any CPU.Build.0 = Release|Any CPU
	EndGlobalSection
	GlobalSection(SolutionProperties) = preSolution
		HideSolutionNode = FALSE
	EndGlobalSection
	GlobalSection(ExtensibilityGlobals) = postSolution
		SolutionGuid = {BDFB066A-D817-4EC8-88BC-BE9B81AA6233}
	EndGlobalSection
EndGlobal
